
Microsoft Visual Studio Solution File, Format Version 12.00
# Visual Studio 15
Project("{FAE04EC0-301F-11D3-BF4B-00C04F79EFBC}") = "ARi", "ARi.csproj", "{90AFE67A-00F0-AA0F-F34B-A103C85AA83A}"
EndProject
Project("{FAE04EC0-301F-11D3-BF4B-00C04F79EFBC}") = "ARi.Editor", "ARi.Editor.csproj", "{308955DA-2106-B28F-9868-B43C5CDFC906}"
EndProject
Global
	GlobalSection(SolutionConfigurationPlatforms) = preSolution
		Debug|Any CPU = Debug|Any CPU
		Release|Any CPU = Release|Any CPU
	EndGlobalSection
	GlobalSection(ProjectConfigurationPlatforms) = postSolution
		{90AFE67A-00F0-AA0F-F34B-A103C85AA83A}.Debug|Any CPU.ActiveCfg = Debug|Any CPU
		{90AFE67A-00F0-AA0F-F34B-A103C85AA83A}.Debug|Any CPU.Build.0 = Debug|Any CPU
		{90AFE67A-00F0-AA0F-F34B-A103C85AA83A}.Release|Any CPU.ActiveCfg = Release|Any CPU
		{90AFE67A-00F0-AA0F-F34B-A103C85AA83A}.Release|Any CPU.Build.0 = Release|Any CPU
		{308955DA-2106-B28F-9868-B43C5CDFC906}.Debug|Any CPU.ActiveCfg = Debug|Any CPU
		{308955DA-2106-B28F-9868-B43C5CDFC906}.Debug|Any CPU.Build.0 = Debug|Any CPU
		{308955DA-2106-B28F-9868-B43C5CDFC906}.Release|Any CPU.ActiveCfg = Release|Any CPU
		{308955DA-2106-B28F-9868-B43C5CDFC906}.Release|Any CPU.Build.0 = Release|Any CPU
	EndGlobalSection
	GlobalSection(SolutionProperties) = preSolution
		HideSolutionNode = FALSE
	EndGlobalSection
EndGlobal
